
Microsoft Visual Studio Solution File, Format Version 12.00
# Visual Studio Version 16
VisualStudioVersion = 16.0.31019.35
MinimumVisualStudioVersion = 10.0.40219.1
Project("{FAE04EC0-301F-11D3-BF4B-00C04F79EFBC}") = "Primeira Calculadora", "Primeira Calculadora\Primeira Calculadora.csproj", "{E01F9D0D-A6D0-4D3A-8702-128D26748596}"
EndProject
Global
	GlobalSection(SolutionConfigurationPlatforms) = preSolution
		Debug|Any CPU = Debug|Any CPU
		Release|Any CPU = Release|Any CPU
	EndGlobalSection
	GlobalSection(ProjectConfigurationPlatforms) = postSolution
		{E01F9D0D-A6D0-4D3A-8702-128D26748596}.Debug|Any CPU.ActiveCfg = Debug|Any CPU
		{E01F9D0D-A6D0-4D3A-8702-128D26748596}.Debug|Any CPU.Build.0 = Debug|Any CPU
		{E01F9D0D-A6D0-4D3A-8702-128D26748596}.Release|Any CPU.ActiveCfg = Release|Any CPU
		{E01F9D0D-A6D0-4D3A-8702-128D26748596}.Release|Any CPU.Build.0 = Release|Any CPU
	EndGlobalSection
	GlobalSection(SolutionProperties) = preSolution
		HideSolutionNode = FALSE
	EndGlobalSection
	GlobalSection(ExtensibilityGlobals) = postSolution
		SolutionGuid = {06739C8D-5E8B-4A91-959C-F7F05A207BFD}
	EndGlobalSection
EndGlobal
